{
  "version": 4,
  "terraform_version": "1.3.3",
  "serial": 15,
  "lineage": "589935bb-4a16-b9ea-693e-20450c8da265",
  "outputs": {
    "server_ip": {
      "value": [
        "164.92.127.150",
        "164.92.127.152",
        "164.92.127.154"
      ],
      "type": [
        "tuple",
        [
          "string",
          "string",
          "string"
        ]
      ]
    }
  },
  "resources": [
    {
      "mode": "data",
      "type": "digitalocean_project",
      "name": "lab_project",
      "provider": "provider[\"registry.terraform.io/digitalocean/digitalocean\"]",
      "instances": [
        {
          "schema_version": 0,
          "attributes": {
            "created_at": "2022-10-25T03:26:24Z",
            "description": "",
            "environment": "",
            "id": "dfcd5345-eb01-4fa9-a815-e05fba2fbbf1",
            "is_default": false,
            "name": "4640",
            "owner_id": 9007105,
            "owner_uuid": "36e82539-92eb-4dd2-aff0-b0069cce5587",
            "purpose": "Class project / Educational purposes",
            "resources": [],
            "updated_at": "2022-11-01T04:02:50Z"
          },
          "sensitive_attributes": []
        }
      ]
    },
    {
      "mode": "data",
      "type": "digitalocean_ssh_key",
      "name": "ssh_key",
      "provider": "provider[\"registry.terraform.io/digitalocean/digitalocean\"]",
      "instances": [
        {
          "schema_version": 0,
          "attributes": {
            "fingerprint": "97:f0:14:56:14:dd:f9:3b:a3:1b:51:37:3b:5d:96:0a",
            "id": 36645503,
            "name": "lab5",
            "public_key": "ssh-rsa AAAAB3NzaC1yc2EAAAADAQABAAABgQC73Gl39Lux4lxVE7eFlrO0FwJ/ckvQZf72ZhPxNbm07s/Nc1C4yI3ikyIPGDIqepwUFbV/oxKI8HnjNq3b5WwQ6z0hqRzV9CeKBN5468AGTEdVteIDOKCnjwKbIXk1pQ30GZRfKJ9dVkmSdi/QKyiIrVhsQceIq7/eK6f1h+tkit9H/pryMtd/ASDbc5xFBJAKREzM6Mm6JG6iSo18dpjymG51KzAtf6/rIeANStixYTqBTeQPIez0Pdv18+xrzgOLKiKO8q2VjcPvpEm0b+YbL6ziYLm5N5nGaw2jeX4uwORScWS4LqZzlXpOQtP97AmtU7BabVYACNBOs3nmBL64FU1JneolqQ9ryTkcXKsfiIpRZ4+4NxbOXfReUOVeb3zvaoE8LwPRF73BYoxyaV3R+5c5pEeEah9BxeenRhl1YpJU/cIv1qTpO3jiExGZiJErf8RcGNTJZYFm8bWISnNg8QPGMYFhe8oePUPkB+2REwJ8YEMDdY/+x25zX3gOPoc= inggy@DC-Inggy"
          },
          "sensitive_attributes": []
        }
      ]
    },
    {
      "mode": "managed",
      "type": "digitalocean_droplet",
      "name": "web",
      "provider": "provider[\"registry.terraform.io/digitalocean/digitalocean\"]",
      "instances": [
        {
          "index_key": 0,
          "schema_version": 1,
          "attributes": {
            "backups": false,
            "created_at": "2022-11-08T02:04:50Z",
            "disk": 10,
            "droplet_agent": null,
            "graceful_shutdown": false,
            "id": "324994516",
            "image": "rockylinux-9-x64",
            "ipv4_address": "164.92.127.150",
            "ipv4_address_private": "10.124.16.3",
            "ipv6": false,
            "ipv6_address": "",
            "locked": false,
            "memory": 512,
            "monitoring": false,
            "name": "web-1",
            "price_hourly": 0.00595,
            "price_monthly": 4,
            "private_networking": true,
            "region": "sfo3",
            "resize_disk": true,
            "size": "s-1vcpu-512mb-10gb",
            "ssh_keys": [
              "36645503"
            ],
            "status": "active",
            "tags": [
              "Web"
            ],
            "timeouts": null,
            "urn": "do:droplet:324994516",
            "user_data": null,
            "vcpus": 1,
            "volume_ids": [],
            "vpc_uuid": "bb4dad3f-0af9-4859-bb95-bc8359af0081"
          },
          "sensitive_attributes": [],
          "private": "eyJlMmJmYjczMC1lY2FhLTExZTYtOGY4OC0zNDM2M2JjN2M0YzAiOnsiY3JlYXRlIjozNjAwMDAwMDAwMDAwLCJkZWxldGUiOjYwMDAwMDAwMDAwLCJ1cGRhdGUiOjM2MDAwMDAwMDAwMDB9LCJzY2hlbWFfdmVyc2lvbiI6IjEifQ==",
          "dependencies": [
            "data.digitalocean_ssh_key.ssh_key",
            "digitalocean_tag.do_tag",
            "digitalocean_vpc.web_vpc"
          ],
          "create_before_destroy": true
        },
        {
          "index_key": 1,
          "schema_version": 1,
          "attributes": {
            "backups": false,
            "created_at": "2022-11-08T02:04:50Z",
            "disk": 10,
            "droplet_agent": null,
            "graceful_shutdown": false,
            "id": "324994518",
            "image": "rockylinux-9-x64",
            "ipv4_address": "164.92.127.152",
            "ipv4_address_private": "10.124.16.4",
            "ipv6": false,
            "ipv6_address": "",
            "locked": false,
            "memory": 512,
            "monitoring": false,
            "name": "web-2",
            "price_hourly": 0.00595,
            "price_monthly": 4,
            "private_networking": true,
            "region": "sfo3",
            "resize_disk": true,
            "size": "s-1vcpu-512mb-10gb",
            "ssh_keys": [
              "36645503"
            ],
            "status": "active",
            "tags": [
              "Web"
            ],
            "timeouts": null,
            "urn": "do:droplet:324994518",
            "user_data": null,
            "vcpus": 1,
            "volume_ids": [],
            "vpc_uuid": "bb4dad3f-0af9-4859-bb95-bc8359af0081"
          },
          "sensitive_attributes": [],
          "private": "eyJlMmJmYjczMC1lY2FhLTExZTYtOGY4OC0zNDM2M2JjN2M0YzAiOnsiY3JlYXRlIjozNjAwMDAwMDAwMDAwLCJkZWxldGUiOjYwMDAwMDAwMDAwLCJ1cGRhdGUiOjM2MDAwMDAwMDAwMDB9LCJzY2hlbWFfdmVyc2lvbiI6IjEifQ==",
          "dependencies": [
            "data.digitalocean_ssh_key.ssh_key",
            "digitalocean_tag.do_tag",
            "digitalocean_vpc.web_vpc"
          ],
          "create_before_destroy": true
        },
        {
          "index_key": 2,
          "schema_version": 1,
          "attributes": {
            "backups": false,
            "created_at": "2022-11-08T02:04:50Z",
            "disk": 10,
            "droplet_agent": null,
            "graceful_shutdown": false,
            "id": "324994517",
            "image": "rockylinux-9-x64",
            "ipv4_address": "164.92.127.154",
            "ipv4_address_private": "10.124.16.5",
            "ipv6": false,
            "ipv6_address": "",
            "locked": false,
            "memory": 512,
            "monitoring": false,
            "name": "web-3",
            "price_hourly": 0.00595,
            "price_monthly": 4,
            "private_networking": true,
            "region": "sfo3",
            "resize_disk": true,
            "size": "s-1vcpu-512mb-10gb",
            "ssh_keys": [
              "36645503"
            ],
            "status": "active",
            "tags": [
              "Web"
            ],
            "timeouts": null,
            "urn": "do:droplet:324994517",
            "user_data": null,
            "vcpus": 1,
            "volume_ids": [],
            "vpc_uuid": "bb4dad3f-0af9-4859-bb95-bc8359af0081"
          },
          "sensitive_attributes": [],
          "private": "eyJlMmJmYjczMC1lY2FhLTExZTYtOGY4OC0zNDM2M2JjN2M0YzAiOnsiY3JlYXRlIjozNjAwMDAwMDAwMDAwLCJkZWxldGUiOjYwMDAwMDAwMDAwLCJ1cGRhdGUiOjM2MDAwMDAwMDAwMDB9LCJzY2hlbWFfdmVyc2lvbiI6IjEifQ==",
          "dependencies": [
            "data.digitalocean_ssh_key.ssh_key",
            "digitalocean_tag.do_tag",
            "digitalocean_vpc.web_vpc"
          ],
          "create_before_destroy": true
        }
      ]
    },
    {
      "mode": "managed",
      "type": "digitalocean_loadbalancer",
      "name": "public",
      "provider": "provider[\"registry.terraform.io/digitalocean/digitalocean\"]",
      "instances": [
        {
          "schema_version": 1,
          "attributes": {
            "algorithm": "round_robin",
            "disable_lets_encrypt_dns_records": false,
            "droplet_ids": [],
            "droplet_tag": "Web",
            "enable_backend_keepalive": false,
            "enable_proxy_protocol": false,
            "forwarding_rule": [
              {
                "certificate_id": "",
                "certificate_name": "",
                "entry_port": 80,
                "entry_protocol": "http",
                "target_port": 80,
                "target_protocol": "http",
                "tls_passthrough": false
              }
            ],
            "healthcheck": [
              {
                "check_interval_seconds": 10,
                "healthy_threshold": 5,
                "path": "",
                "port": 22,
                "protocol": "tcp",
                "response_timeout_seconds": 5,
                "unhealthy_threshold": 3
              }
            ],
            "id": "f3df77fd-e926-45b1-9ab6-d8a298fba4fe",
            "ip": "146.190.13.189",
            "name": "loadbalancer-1",
            "redirect_http_to_https": false,
            "region": "sfo3",
            "size": null,
            "size_unit": 1,
            "status": "active",
            "sticky_sessions": [
              {
                "cookie_name": "",
                "cookie_ttl_seconds": 0,
                "type": "none"
              }
            ],
            "urn": "do:loadbalancer:f3df77fd-e926-45b1-9ab6-d8a298fba4fe",
            "vpc_uuid": "bb4dad3f-0af9-4859-bb95-bc8359af0081"
          },
          "sensitive_attributes": [],
          "private": "eyJzY2hlbWFfdmVyc2lvbiI6IjEifQ==",
          "dependencies": [
            "digitalocean_vpc.web_vpc"
          ]
        }
      ]
    },
    {
      "mode": "managed",
      "type": "digitalocean_project_resources",
      "name": "project_attach",
      "provider": "provider[\"registry.terraform.io/digitalocean/digitalocean\"]",
      "instances": [
        {
          "schema_version": 0,
          "attributes": {
            "id": "dfcd5345-eb01-4fa9-a815-e05fba2fbbf1",
            "project": "dfcd5345-eb01-4fa9-a815-e05fba2fbbf1",
            "resources": [
              "do:droplet:324994516",
              "do:droplet:324994517",
              "do:droplet:324994518"
            ]
          },
          "sensitive_attributes": [],
          "private": "bnVsbA==",
          "dependencies": [
            "data.digitalocean_project.lab_project",
            "data.digitalocean_ssh_key.ssh_key",
            "digitalocean_droplet.web",
            "digitalocean_tag.do_tag",
            "digitalocean_vpc.web_vpc"
          ]
        }
      ]
    },
    {
      "mode": "managed",
      "type": "digitalocean_tag",
      "name": "do_tag",
      "provider": "provider[\"registry.terraform.io/digitalocean/digitalocean\"]",
      "instances": [
        {
          "schema_version": 0,
          "attributes": {
            "databases_count": 0,
            "droplets_count": 0,
            "id": "Web",
            "images_count": 0,
            "name": "Web",
            "total_resource_count": 0,
            "volume_snapshots_count": 0,
            "volumes_count": 0
          },
          "sensitive_attributes": [],
          "private": "bnVsbA==",
          "create_before_destroy": true
        }
      ]
    },
    {
      "mode": "managed",
      "type": "digitalocean_vpc",
      "name": "web_vpc",
      "provider": "provider[\"registry.terraform.io/digitalocean/digitalocean\"]",
      "instances": [
        {
          "schema_version": 0,
          "attributes": {
            "created_at": "2022-11-08 01:52:48 +0000 UTC",
            "default": false,
            "description": "",
            "id": "bb4dad3f-0af9-4859-bb95-bc8359af0081",
            "ip_range": "10.124.16.0/20",
            "name": "web",
            "region": "sfo3",
            "timeouts": null,
            "urn": "do:vpc:bb4dad3f-0af9-4859-bb95-bc8359af0081"
          },
          "sensitive_attributes": [],
          "private": "eyJlMmJmYjczMC1lY2FhLTExZTYtOGY4OC0zNDM2M2JjN2M0YzAiOnsiZGVsZXRlIjoxMjAwMDAwMDAwMDB9fQ==",
          "create_before_destroy": true
        }
      ]
    }
  ],
  "check_results": []
}
